# This file is automatically @generated by Poetry 1.5.1 and should not be changed by hand.

[[package]]
name = "aniso8601"
version = "9.0.1"
description = "A library for parsing ISO 8601 strings."
optional = false
python-versions = "*"
files = [
    {file = "aniso8601-9.0.1-py2.py3-none-any.whl", hash = "sha256:1d2b7ef82963909e93c4f24ce48d4de9e66009a21bf1c1e1c85bdd0812fe412f"},
    {file = "aniso8601-9.0.1.tar.gz", hash = "sha256:72e3117667eedf66951bb2d93f4296a56b94b078a8a95905a052611fb3f1b973"},
]

[package.extras]
dev = ["black", "coverage", "isort", "pre-commit", "pyenchant", "pylint"]

[[package]]
name = "asgiref"
version = "3.7.2"
description = "ASGI specs, helper code, and adapters"
optional = false
python-versions = ">=3.7"
files = [
    {file = "asgiref-3.7.2-py3-none-any.whl", hash = "sha256:89b2ef2247e3b562a16eef663bc0e2e703ec6468e2fa8a5cd61cd449786d4f6e"},
    {file = "asgiref-3.7.2.tar.gz", hash = "sha256:9e0ce3aa93a819ba5b45120216b23878cf6e8525eb3848653452b4192b92afed"},
]

[package.dependencies]
typing-extensions = {version = ">=4", markers = "python_version < \"3.11\""}

[package.extras]
tests = ["mypy (>=0.800)", "pytest", "pytest-asyncio"]

[[package]]
name = "cassandra-driver"
version = "3.28.0"
description = "DataStax Driver for Apache Cassandra"
optional = false
python-versions = "*"
files = [
    {file = "cassandra-driver-3.28.0.tar.gz", hash = "sha256:64ff130d19f994b80997c14343a8306be52a0e7ab92520a534eed944c88d70df"},
    {file = "cassandra_driver-3.28.0-cp310-cp310-macosx_10_9_universal2.whl", hash = "sha256:a8cceb2cc658b3ebf28873f84aab4f28bbd5df23a6528a5b38ecf89a45232509"},
    {file = "cassandra_driver-3.28.0-cp310-cp310-macosx_10_9_x86_64.whl", hash = "sha256:35aef74e2a593a969b77a3fcf02d27e9b82a078d9aa66caa3bd2d2583c46a82c"},
    {file = "cassandra_driver-3.28.0-cp310-cp310-macosx_11_0_arm64.whl", hash = "sha256:48f20e0d21b6c7406dfd8a4d9e07fddc3c7c3d6ad7d5b5d480bf82aac7068739"},
    {file = "cassandra_driver-3.28.0-cp310-cp310-manylinux_2_17_aarch64.manylinux2014_aarch64.whl", hash = "sha256:3820a421fb7e4cf215718dc35522869c5f933d4fd4c50fd43307d3ce5d9dd138"},
    {file = "cassandra_driver-3.28.0-cp310-cp310-manylinux_2_17_x86_64.manylinux2014_x86_64.whl", hash = "sha256:0dd9511fe5b85010e92199f6589e0733ab14ed3d2279dcc6ae504c0cef11d652"},
    {file = "cassandra_driver-3.28.0-cp310-cp310-win32.whl", hash = "sha256:887f7e3df9b34b41de6dfdd5f2ef8804c2d9782bbc39202eda9d3b67a3c8fe37"},
    {file = "cassandra_driver-3.28.0-cp310-cp310-win_amd64.whl", hash = "sha256:28c636239b15944103df18a12ef95e6401ceadd7b9aca2d59f4beccf9ca21e2d"},
    {file = "cassandra_driver-3.28.0-cp311-cp311-macosx_10_9_universal2.whl", hash = "sha256:9232434459303b0e1a26fa65006fd8438475037aef4e6204a32dfaeb10e7f739"},
    {file = "cassandra_driver-3.28.0-cp311-cp311-macosx_10_9_x86_64.whl", hash = "sha256:634a553a5309a9faa08c3256fe0237ff0308152210211f3b8eab0664335560e0"},
    {file = "cassandra_driver-3.28.0-cp311-cp311-macosx_11_0_arm64.whl", hash = "sha256:4a101114a7d93505ee79272edc82dba0cfc706172ad7948a6e4fb3dc1eb8b59c"},
    {file = "cassandra_driver-3.28.0-cp311-cp311-manylinux_2_17_aarch64.manylinux2014_aarch64.whl", hash = "sha256:36d844ba0089111858fad3c53897b0fea7c91cedd8bd205eeb82fe22fd60e748"},
    {file = "cassandra_driver-3.28.0-cp311-cp311-manylinux_2_17_x86_64.manylinux2014_x86_64.whl", hash = "sha256:c3bf6bacb60dc8d1b8ba5ddd7d35772e3b98da951aed6bb148827aa9c38cd009"},
    {file = "cassandra_driver-3.28.0-cp311-cp311-win32.whl", hash = "sha256:212eb39ca99ab5960eb5c31ce279b61e075df02ac7a6209415982a3f8cfe1126"},
    {file = "cassandra_driver-3.28.0-cp311-cp311-win_amd64.whl", hash = "sha256:777f60ed821ec43d5b3f7a65eaf02decbd9cbc11e32f2099bfe9d7a6bfe33da9"},
    {file = "cassandra_driver-3.28.0-cp37-cp37m-macosx_10_9_x86_64.whl", hash = "sha256:b867c49c3c9efa21923845456cfb3e81ad13a33e40eb20279f58b3642d54614f"},
    {file = "cassandra_driver-3.28.0-cp37-cp37m-manylinux_2_17_aarch64.manylinux2014_aarch64.whl", hash = "sha256:f1dc54edf3b664dc8e45a9c8fed163dacbad8bc92c788c84a371ccb700e18638"},
    {file = "cassandra_driver-3.28.0-cp37-cp37m-manylinux_2_17_x86_64.manylinux2014_x86_64.whl", hash = "sha256:e383aff200b7194d0d5625bf162bbc8471d05db7163c546341e5f27b36b53134"},
    {file = "cassandra_driver-3.28.0-cp37-cp37m-win32.whl", hash = "sha256:a5e8b066f816868b344c108f34acc04b53c44caed2cdbcfe08ebdcbc1fd35046"},
    {file = "cassandra_driver-3.28.0-cp37-cp37m-win_amd64.whl", hash = "sha256:ae8c8e9a46e1b0174ace1e836d4ea97292aa6de509db0def0f816322468fb430"},
    {file = "cassandra_driver-3.28.0-cp38-cp38-macosx_10_9_universal2.whl", hash = "sha256:d5e8cf7db955b113f51274f166be9db0f0a06620c894abc41159828f0aeda259"},
    {file = "cassandra_driver-3.28.0-cp38-cp38-macosx_10_9_x86_64.whl", hash = "sha256:26cbdb0d04f749b78bf7de17fd6a713b90430d1c70d8aa442845d51db823b9eb"},
    {file = "cassandra_driver-3.28.0-cp38-cp38-macosx_11_0_arm64.whl", hash = "sha256:fe302940780932d83414ad5282c8a6bd72b248f3b1fceff995f28c77a6ebc925"},
    {file = "cassandra_driver-3.28.0-cp38-cp38-manylinux_2_17_aarch64.manylinux2014_aarch64.whl", hash = "sha256:3694c1e19d310668f5a60c16511fb12c3ad4c387d089a8080b74239a916620fb"},
    {file = "cassandra_driver-3.28.0-cp38-cp38-manylinux_2_17_x86_64.manylinux2014_x86_64.whl", hash = "sha256:9f5690b7b121e82c4365d298bd49dc574ecd8eed3ec0bafdf43fce708f2f992b"},
    {file = "cassandra_driver-3.28.0-cp38-cp38-win32.whl", hash = "sha256:d09c8b0b392064054656050448dece04e4fa890af3c677a2f2034af14983ceb5"},
    {file = "cassandra_driver-3.28.0-cp38-cp38-win_amd64.whl", hash = "sha256:e2342420bae4f80587e2ddebb38ade448c9ab1d210787a8030c1c04f54ef4a84"},
    {file = "cassandra_driver-3.28.0-cp39-cp39-macosx_10_9_universal2.whl", hash = "sha256:c8d934cb7eac6586823a7eb69d40019154fd8e7d640bfaed49ac7edc373578df"},
    {file = "cassandra_driver-3.28.0-cp39-cp39-macosx_10_9_x86_64.whl", hash = "sha256:8b51805d57ff6ed73a95c83c25d0479391da28c765c2bf019ee1370d8ca64cd0"},
    {file = "cassandra_driver-3.28.0-cp39-cp39-macosx_11_0_arm64.whl", hash = "sha256:5f05495ccabe5be046bb9f1c2cc3e3ff696a94fd4f2f2b1004c951e56b1ea38d"},
    {file = "cassandra_driver-3.28.0-cp39-cp39-manylinux_2_17_aarch64.manylinux2014_aarch64.whl", hash = "sha256:59050666423c4ffdda9626676c18cce83a71c8331dd3d99f6b9306e0941348cf"},
    {file = "cassandra_driver-3.28.0-cp39-cp39-manylinux_2_17_x86_64.manylinux2014_x86_64.whl", hash = "sha256:a665841c15f2fade6b00a8404d3424fed8757971b75e791b69bfedacc4753f7c"},
    {file = "cassandra_driver-3.28.0-cp39-cp39-win32.whl", hash = "sha256:46433de332b8ef59ad44140f287b584303b90111cf6f355ec8c990830135dd21"},
    {file = "cassandra_driver-3.28.0-cp39-cp39-win_amd64.whl", hash = "sha256:5e6213f10d58b05a6120bcff4f479d89c152d3f4ba43b3bda3283ee67c3abe23"},
]

[package.dependencies]
geomet = ">=0.1,<0.3"
six = ">=1.9"

[package.extras]
cle = ["cryptography (>=35.0)"]
graph = ["gremlinpython (==3.4.6)"]

[[package]]
name = "click"
version = "8.1.3"
description = "Composable command line interface toolkit"
optional = false
python-versions = ">=3.7"
files = [
    {file = "click-8.1.3-py3-none-any.whl", hash = "sha256:bb4d8133cb15a609f44e8213d9b391b0809795062913b383c62be0ee95b1db48"},
    {file = "click-8.1.3.tar.gz", hash = "sha256:7682dc8afb30297001674575ea00d1814d808d6a36af415a82bd481d37ba7b8e"},
]

[package.dependencies]
colorama = {version = "*", markers = "platform_system == \"Windows\""}

[[package]]
name = "colorama"
version = "0.4.6"
description = "Cross-platform colored terminal text."
optional = false
python-versions = "!=3.0.*,!=3.1.*,!=3.2.*,!=3.3.*,!=3.4.*,!=3.5.*,!=3.6.*,>=2.7"
files = [
    {file = "colorama-0.4.6-py2.py3-none-any.whl", hash = "sha256:4f1d9991f5acc0ca119f9d443620b77f9d6b33703e51011c16baf57afb285fc6"},
    {file = "colorama-0.4.6.tar.gz", hash = "sha256:08695f5cb7ed6e0531a20572697297273c47b8cae5a63ffc6d6ed5c201be6e44"},
]

[[package]]
name = "django"
version = "3.2"
description = "A high-level Python Web framework that encourages rapid development and clean, pragmatic design."
optional = false
python-versions = ">=3.6"
files = [
    {file = "Django-3.2-py3-none-any.whl", hash = "sha256:0604e84c4fb698a5e53e5857b5aea945b2f19a18f25f10b8748dbdf935788927"},
    {file = "Django-3.2.tar.gz", hash = "sha256:21f0f9643722675976004eb683c55d33c05486f94506672df3d6a141546f389d"},
]

[package.dependencies]
asgiref = ">=3.3.2,<4"
pytz = "*"
sqlparse = ">=0.2.2"

[package.extras]
argon2 = ["argon2-cffi (>=19.1.0)"]
bcrypt = ["bcrypt"]

[[package]]
name = "django-cassandra-engine"
version = "1.8.0"
description = "Django Cassandra Engine"
optional = false
python-versions = ">=3.8,<4.0"
files = [
    {file = "django_cassandra_engine-1.8.0.tar.gz", hash = "sha256:58484d89f91d9323a56e64dbda21935ad7ce3b5f70eb0208916b9de9119e80af"},
]

[package.dependencies]
django = ">=3.2,<5.0"
scylla-driver = ">=3.25.0,<4.0.0"

[[package]]
name = "geomet"
version = "0.2.1.post1"
description = "GeoJSON <-> WKT/WKB conversion utilities"
optional = false
python-versions = ">2.6, !=3.3.*, <4"
files = [
    {file = "geomet-0.2.1.post1-py3-none-any.whl", hash = "sha256:a41a1e336b381416d6cbed7f1745c848e91defaa4d4c1bdc1312732e46ffad2b"},
    {file = "geomet-0.2.1.post1.tar.gz", hash = "sha256:91d754f7c298cbfcabd3befdb69c641c27fe75e808b27aa55028605761d17e95"},
]

[package.dependencies]
click = "*"
six = "*"

[[package]]
name = "graphene"
version = "3.2.2"
description = "GraphQL Framework for Python"
optional = false
python-versions = "*"
files = [
    {file = "graphene-3.2.2-py2.py3-none-any.whl", hash = "sha256:753de13948cbf42e32cc87fb533167c88907066eb984251fdbb006c0aab8da00"},
    {file = "graphene-3.2.2.tar.gz", hash = "sha256:5b03e72770dc901f40be55784058d6bb1d952a49eb819a4a085962d5e1cf5fcf"},
]

[package.dependencies]
aniso8601 = ">=8,<10"
graphql-core = ">=3.1,<3.3"
graphql-relay = ">=3.1,<3.3"

[package.extras]
dev = ["black (==22.3.0)", "coveralls (>=3.3,<4)", "flake8 (>=4,<5)", "iso8601 (>=1,<2)", "mock (>=4,<5)", "pytest (>=6,<7)", "pytest-asyncio (>=0.16,<2)", "pytest-benchmark (>=3.4,<4)", "pytest-cov (>=3,<4)", "pytest-mock (>=3,<4)", "pytz (==2022.1)", "snapshottest (>=0.6,<1)"]
test = ["coveralls (>=3.3,<4)", "iso8601 (>=1,<2)", "mock (>=4,<5)", "pytest (>=6,<7)", "pytest-asyncio (>=0.16,<2)", "pytest-benchmark (>=3.4,<4)", "pytest-cov (>=3,<4)", "pytest-mock (>=3,<4)", "pytz (==2022.1)", "snapshottest (>=0.6,<1)"]

[[package]]
name = "graphene-django"
version = "3.1.2"
description = "Graphene Django integration"
optional = false
python-versions = "*"
files = [
    {file = "graphene-django-3.1.2.tar.gz", hash = "sha256:f12cce91d516d4e23aa0cf46c1faed031adea09254534a6a5afbd29f3268e68a"},
    {file = "graphene_django-3.1.2-py2.py3-none-any.whl", hash = "sha256:ef4eb21c4e1c98f933ae4335fd6d2bbacfdab1aa8785f1f0cb308716821c5fa2"},
]

[package.dependencies]
Django = ">=3.2"
graphene = ">=3.0,<4"
graphql-core = ">=3.1.0,<4"
graphql-relay = ">=3.1.1,<4"
promise = ">=2.1"
text-unidecode = "*"

[package.extras]
dev = ["black (==23.3.0)", "coveralls", "django-filter (>=22.1)", "djangorestframework (>=3.6.3)", "flake8 (==6.0.0)", "flake8-black (==0.3.6)", "flake8-bugbear (==23.3.23)", "mock", "pre-commit", "pytest (>=7.3.1)", "pytest-cov", "pytest-django (>=4.5.2)", "pytest-random-order", "pytz"]
rest-framework = ["djangorestframework (>=3.6.3)"]
test = ["coveralls", "django-filter (>=22.1)", "djangorestframework (>=3.6.3)", "mock", "pytest (>=7.3.1)", "pytest-cov", "pytest-django (>=4.5.2)", "pytest-random-order", "pytz"]

[[package]]
name = "graphql-core"
version = "3.2.3"
description = "GraphQL implementation for Python, a port of GraphQL.js, the JavaScript reference implementation for GraphQL."
optional = false
python-versions = ">=3.6,<4"
files = [
    {file = "graphql-core-3.2.3.tar.gz", hash = "sha256:06d2aad0ac723e35b1cb47885d3e5c45e956a53bc1b209a9fc5369007fe46676"},
    {file = "graphql_core-3.2.3-py3-none-any.whl", hash = "sha256:5766780452bd5ec8ba133f8bf287dc92713e3868ddd83aee4faab9fc3e303dc3"},
]

[[package]]
name = "graphql-relay"
version = "3.2.0"
description = "Relay library for graphql-core"
optional = false
python-versions = ">=3.6,<4"
files = [
    {file = "graphql-relay-3.2.0.tar.gz", hash = "sha256:1ff1c51298356e481a0be009ccdff249832ce53f30559c1338f22a0e0d17250c"},
    {file = "graphql_relay-3.2.0-py3-none-any.whl", hash = "sha256:c9b22bd28b170ba1fe674c74384a8ff30a76c8e26f88ac3aa1584dd3179953e5"},
]

[package.dependencies]
graphql-core = ">=3.2,<3.3"

[[package]]
name = "promise"
version = "2.3"
description = "Promises/A+ implementation for Python"
optional = false
python-versions = "*"
files = [
    {file = "promise-2.3.tar.gz", hash = "sha256:dfd18337c523ba4b6a58801c164c1904a9d4d1b1747c7d5dbf45b693a49d93d0"},
]

[package.dependencies]
six = "*"

[package.extras]
test = ["coveralls", "futures", "mock", "pytest (>=2.7.3)", "pytest-benchmark", "pytest-cov"]

[[package]]
name = "pytz"
version = "2023.3"
description = "World timezone definitions, modern and historical"
optional = false
python-versions = "*"
files = [
    {file = "pytz-2023.3-py2.py3-none-any.whl", hash = "sha256:a151b3abb88eda1d4e34a9814df37de2a80e301e68ba0fd856fb9b46bfbbbffb"},
    {file = "pytz-2023.3.tar.gz", hash = "sha256:1d8ce29db189191fb55338ee6d0387d82ab59f3d00eac103412d64e0ebd0c588"},
]

[[package]]
name = "pyyaml"
version = "6.0"
description = "YAML parser and emitter for Python"
optional = false
python-versions = ">=3.6"
files = [
    {file = "PyYAML-6.0-cp310-cp310-macosx_10_9_x86_64.whl", hash = "sha256:d4db7c7aef085872ef65a8fd7d6d09a14ae91f691dec3e87ee5ee0539d516f53"},
    {file = "PyYAML-6.0-cp310-cp310-macosx_11_0_arm64.whl", hash = "sha256:9df7ed3b3d2e0ecfe09e14741b857df43adb5a3ddadc919a2d94fbdf78fea53c"},
    {file = "PyYAML-6.0-cp310-cp310-manylinux_2_17_aarch64.manylinux2014_aarch64.whl", hash = "sha256:77f396e6ef4c73fdc33a9157446466f1cff553d979bd00ecb64385760c6babdc"},
    {file = "PyYAML-6.0-cp310-cp310-manylinux_2_17_s390x.manylinux2014_s390x.whl", hash = "sha256:a80a78046a72361de73f8f395f1f1e49f956c6be882eed58505a15f3e430962b"},
    {file = "PyYAML-6.0-cp310-cp310-manylinux_2_5_x86_64.manylinux1_x86_64.manylinux_2_12_x86_64.manylinux2010_x86_64.whl", hash = "sha256:f84fbc98b019fef2ee9a1cb3ce93e3187a6df0b2538a651bfb890254ba9f90b5"},
    {file = "PyYAML-6.0-cp310-cp310-win32.whl", hash = "sha256:2cd5df3de48857ed0544b34e2d40e9fac445930039f3cfe4bcc592a1f836d513"},
    {file = "PyYAML-6.0-cp310-cp310-win_amd64.whl", hash = "sha256:daf496c58a8c52083df09b80c860005194014c3698698d1a57cbcfa182142a3a"},
    {file = "PyYAML-6.0-cp311-cp311-macosx_10_9_x86_64.whl", hash = "sha256:d4b0ba9512519522b118090257be113b9468d804b19d63c71dbcf4a48fa32358"},
    {file = "PyYAML-6.0-cp311-cp311-macosx_11_0_arm64.whl", hash = "sha256:81957921f441d50af23654aa6c5e5eaf9b06aba7f0a19c18a538dc7ef291c5a1"},
    {file = "PyYAML-6.0-cp311-cp311-manylinux_2_17_aarch64.manylinux2014_aarch64.whl", hash = "sha256:afa17f5bc4d1b10afd4466fd3a44dc0e245382deca5b3c353d8b757f9e3ecb8d"},
    {file = "PyYAML-6.0-cp311-cp311-manylinux_2_17_s390x.manylinux2014_s390x.whl", hash = "sha256:dbad0e9d368bb989f4515da330b88a057617d16b6a8245084f1b05400f24609f"},
    {file = "PyYAML-6.0-cp311-cp311-manylinux_2_17_x86_64.manylinux2014_x86_64.whl", hash = "sha256:432557aa2c09802be39460360ddffd48156e30721f5e8d917f01d31694216782"},
    {file = "PyYAML-6.0-cp311-cp311-win32.whl", hash = "sha256:bfaef573a63ba8923503d27530362590ff4f576c626d86a9fed95822a8255fd7"},
    {file = "PyYAML-6.0-cp311-cp311-win_amd64.whl", hash = "sha256:01b45c0191e6d66c470b6cf1b9531a771a83c1c4208272ead47a3ae4f2f603bf"},
    {file = "PyYAML-6.0-cp36-cp36m-macosx_10_9_x86_64.whl", hash = "sha256:897b80890765f037df3403d22bab41627ca8811ae55e9a722fd0392850ec4d86"},
    {file = "PyYAML-6.0-cp36-cp36m-manylinux_2_17_aarch64.manylinux2014_aarch64.whl", hash = "sha256:50602afada6d6cbfad699b0c7bb50d5ccffa7e46a3d738092afddc1f9758427f"},
    {file = "PyYAML-6.0-cp36-cp36m-manylinux_2_17_s390x.manylinux2014_s390x.whl", hash = "sha256:48c346915c114f5fdb3ead70312bd042a953a8ce5c7106d5bfb1a5254e47da92"},
    {file = "PyYAML-6.0-cp36-cp36m-manylinux_2_5_x86_64.manylinux1_x86_64.manylinux_2_12_x86_64.manylinux2010_x86_64.whl", hash = "sha256:98c4d36e99714e55cfbaaee6dd5badbc9a1ec339ebfc3b1f52e293aee6bb71a4"},
    {file = "PyYAML-6.0-cp36-cp36m-win32.whl", hash = "sha256:0283c35a6a9fbf047493e3a0ce8d79ef5030852c51e9d911a27badfde0605293"},
    {file = "PyYAML-6.0-cp36-cp36m-win_amd64.whl", hash = "sha256:07751360502caac1c067a8132d150cf3d61339af5691fe9e87803040dbc5db57"},
    {file = "PyYAML-6.0-cp37-cp37m-macosx_10_9_x86_64.whl", hash = "sha256:819b3830a1543db06c4d4b865e70ded25be52a2e0631ccd2f6a47a2822f2fd7c"},
    {file = "PyYAML-6.0-cp37-cp37m-manylinux_2_17_aarch64.manylinux2014_aarch64.whl", hash = "sha256:473f9edb243cb1935ab5a084eb238d842fb8f404ed2193a915d1784b5a6b5fc0"},
    {file = "PyYAML-6.0-cp37-cp37m-manylinux_2_17_s390x.manylinux2014_s390x.whl", hash = "sha256:0ce82d761c532fe4ec3f87fc45688bdd3a4c1dc5e0b4a19814b9009a29baefd4"},
    {file = "PyYAML-6.0-cp37-cp37m-manylinux_2_5_x86_64.manylinux1_x86_64.manylinux_2_12_x86_64.manylinux2010_x86_64.whl", hash = "sha256:231710d57adfd809ef5d34183b8ed1eeae3f76459c18fb4a0b373ad56bedcdd9"},
    {file = "PyYAML-6.0-cp37-cp37m-win32.whl", hash = "sha256:c5687b8d43cf58545ade1fe3e055f70eac7a5a1a0bf42824308d868289a95737"},
    {file = "PyYAML-6.0-cp37-cp37m-win_amd64.whl", hash = "sha256:d15a181d1ecd0d4270dc32edb46f7cb7733c7c508857278d3d378d14d606db2d"},
    {file = "PyYAML-6.0-cp38-cp38-macosx_10_9_x86_64.whl", hash = "sha256:0b4624f379dab24d3725ffde76559cff63d9ec94e1736b556dacdfebe5ab6d4b"},
    {file = "PyYAML-6.0-cp38-cp38-manylinux_2_17_aarch64.manylinux2014_aarch64.whl", hash = "sha256:213c60cd50106436cc818accf5baa1aba61c0189ff610f64f4a3e8c6726218ba"},
    {file = "PyYAML-6.0-cp38-cp38-manylinux_2_17_s390x.manylinux2014_s390x.whl", hash = "sha256:9fa600030013c4de8165339db93d182b9431076eb98eb40ee068700c9c813e34"},
    {file = "PyYAML-6.0-cp38-cp38-manylinux_2_5_x86_64.manylinux1_x86_64.manylinux_2_12_x86_64.manylinux2010_x86_64.whl", hash = "sha256:277a0ef2981ca40581a47093e9e2d13b3f1fbbeffae064c1d21bfceba2030287"},
    {file = "PyYAML-6.0-cp38-cp38-win32.whl", hash = "sha256:d4eccecf9adf6fbcc6861a38015c2a64f38b9d94838ac1810a9023a0609e1b78"},
    {file = "PyYAML-6.0-cp38-cp38-win_amd64.whl", hash = "sha256:1e4747bc279b4f613a09eb64bba2ba602d8a6664c6ce6396a4d0cd413a50ce07"},
    {file = "PyYAML-6.0-cp39-cp39-macosx_10_9_x86_64.whl", hash = "sha256:055d937d65826939cb044fc8c9b08889e8c743fdc6a32b33e2390f66013e449b"},
    {file = "PyYAML-6.0-cp39-cp39-macosx_11_0_arm64.whl", hash = "sha256:e61ceaab6f49fb8bdfaa0f92c4b57bcfbea54c09277b1b4f7ac376bfb7a7c174"},
    {file = "PyYAML-6.0-cp39-cp39-manylinux_2_17_aarch64.manylinux2014_aarch64.whl", hash = "sha256:d67d839ede4ed1b28a4e8909735fc992a923cdb84e618544973d7dfc71540803"},
    {file = "PyYAML-6.0-cp39-cp39-manylinux_2_17_s390x.manylinux2014_s390x.whl", hash = "sha256:cba8c411ef271aa037d7357a2bc8f9ee8b58b9965831d9e51baf703280dc73d3"},
    {file = "PyYAML-6.0-cp39-cp39-manylinux_2_5_x86_64.manylinux1_x86_64.manylinux_2_12_x86_64.manylinux2010_x86_64.whl", hash = "sha256:40527857252b61eacd1d9af500c3337ba8deb8fc298940291486c465c8b46ec0"},
    {file = "PyYAML-6.0-cp39-cp39-win32.whl", hash = "sha256:b5b9eccad747aabaaffbc6064800670f0c297e52c12754eb1d976c57e4f74dcb"},
    {file = "PyYAML-6.0-cp39-cp39-win_amd64.whl", hash = "sha256:b3d267842bf12586ba6c734f89d1f5b871df0273157918b0ccefa29deb05c21c"},
    {file = "PyYAML-6.0.tar.gz", hash = "sha256:68fb519c14306fec9720a2a5b45bc9f0c8d1b9c72adf45c37baedfcd949c35a2"},
]

[[package]]
name = "scylla-driver"
version = "3.26.2"
description = "Scylla Driver for Apache Cassandra"
optional = false
python-versions = "*"
files = [
    {file = "scylla-driver-3.26.2.tar.gz", hash = "sha256:b9f73e35ca86f0c9396c6dd2f9a2b04479cf04abdc24b5226938d4dc5b29959f"},
    {file = "scylla_driver-3.26.2-cp310-cp310-manylinux_2_17_aarch64.manylinux2014_aarch64.whl", hash = "sha256:984f4da4f43713611cfd402e7bf8bd64e7e324fcffa7c25bf1ac7c9ab1597bcf"},
    {file = "scylla_driver-3.26.2-cp310-cp310-manylinux_2_17_i686.manylinux2014_i686.whl", hash = "sha256:4f90907ed57194a2824801a4d71ae822c4a8c6fb260dc2515e28cf72588e64b8"},
    {file = "scylla_driver-3.26.2-cp310-cp310-manylinux_2_17_ppc64le.manylinux2014_ppc64le.whl", hash = "sha256:bda767ea4aec62695a17b93ef59a12f85e7836529b9e30352e65e88a14dbcfdc"},
    {file = "scylla_driver-3.26.2-cp310-cp310-manylinux_2_17_x86_64.manylinux2014_x86_64.whl", hash = "sha256:891dcc5326877fc74b4f8bb96dbbdc2a285cad3d6162a8b5ed94fa88347bd14f"},
    {file = "scylla_driver-3.26.2-cp310-cp310-win32.whl", hash = "sha256:8c7ce099dd9b2efa5027420322e024402c447f5ecda1383c5e8d3e9dc5a0b559"},
    {file = "scylla_driver-3.26.2-cp310-cp310-win_amd64.whl", hash = "sha256:8e496bfb226ca9e75619a6b03d0faba60756c6e87065c081b0d3ada148a9f996"},
    {file = "scylla_driver-3.26.2-cp311-cp311-manylinux_2_17_aarch64.manylinux2014_aarch64.whl", hash = "sha256:53c9a7919437c21fb1cc93746e48f55aea3683e2b27b6cdd5dfcb7c84dc91d5d"},
    {file = "scylla_driver-3.26.2-cp311-cp311-manylinux_2_17_i686.manylinux2014_i686.whl", hash = "sha256:f0112e6383cc32dbe72f8a7109c487a488d3ef2a666f464c6e16c8c6d32ad68e"},
    {file = "scylla_driver-3.26.2-cp311-cp311-manylinux_2_17_ppc64le.manylinux2014_ppc64le.whl", hash = "sha256:315b0b05025e15ef9812e5c0b4e5c8f6c13d3d4da241bb689c395ecd2d6a4ca0"},
    {file = "scylla_driver-3.26.2-cp311-cp311-manylinux_2_17_x86_64.manylinux2014_x86_64.whl", hash = "sha256:ad081db290e86a12eed64c4e95298bb436869814a6db65a55c3ffa13ae81feac"},
    {file = "scylla_driver-3.26.2-cp311-cp311-win32.whl", hash = "sha256:d629c6ae209d3fe353b480cb39ef813d5d1c9b3d20ebfb0c1cfad46b1621b872"},
    {file = "scylla_driver-3.26.2-cp311-cp311-win_amd64.whl", hash = "sha256:9c40e1edd0f4b59f311626b6c876ec16a424b82bf277222d40f584a4b5a09307"},
    {file = "scylla_driver-3.26.2-cp37-cp37m-macosx_10_9_x86_64.whl", hash = "sha256:77c173f7b816f7dffb9fbf62c982794216eaa00ffe252ee43775ab2d170f27ea"},
    {file = "scylla_driver-3.26.2-cp37-cp37m-manylinux_2_17_i686.manylinux2014_i686.whl", hash = "sha256:be596d0d963e491c108ad6c67b54ad07354527495a93a1f24a1d10ebef917d3c"},
    {file = "scylla_driver-3.26.2-cp37-cp37m-manylinux_2_17_x86_64.manylinux2014_x86_64.whl", hash = "sha256:cd6638fd938c13d362f58abe6c004776fae33562926c3ef611362afeed8488b0"},
    {file = "scylla_driver-3.26.2-cp37-cp37m-win32.whl", hash = "sha256:dfc9a3987a50ba724066bec567db1c08ca6a1339937e843886b49ee974d5eda9"},
    {file = "scylla_driver-3.26.2-cp37-cp37m-win_amd64.whl", hash = "sha256:4bf47b1ffe2d44ea0e364f65e4eb14a778fc291b0bebc2e0aba771e507aa31ac"},
    {file = "scylla_driver-3.26.2-cp38-cp38-macosx_10_9_x86_64.whl", hash = "sha256:ae55d421ee47ee07a992253e0d8f8bad9fbb67eec3f2a2b4f7ceba57b672191e"},
    {file = "scylla_driver-3.26.2-cp38-cp38-manylinux_2_17_aarch64.manylinux2014_aarch64.whl", hash = "sha256:24adaa229979436447ad40e60d35cd524910c7123d3e58576b8419c50821e1cf"},
    {file = "scylla_driver-3.26.2-cp38-cp38-manylinux_2_17_i686.manylinux2014_i686.whl", hash = "sha256:ee7f369046d87d26b4e04ee6853e4ccea68105c429a7c7aa310b341b34f6a18b"},
    {file = "scylla_driver-3.26.2-cp38-cp38-manylinux_2_17_ppc64le.manylinux2014_ppc64le.whl", hash = "sha256:480114ad3c1b30546bd345da6b08d95cb1d9a5d170eba3052277a94bc73fe38e"},
    {file = "scylla_driver-3.26.2-cp38-cp38-manylinux_2_17_x86_64.manylinux2014_x86_64.whl", hash = "sha256:88a24238dad1490fc7ed2b6dcaa54569d91e17707830e387fcf471595cf928ca"},
    {file = "scylla_driver-3.26.2-cp38-cp38-win32.whl", hash = "sha256:2d421834de504f7f3dac8d36a919275c5a91ef9ecf87529028f64b790e1df19d"},
    {file = "scylla_driver-3.26.2-cp38-cp38-win_amd64.whl", hash = "sha256:ff751b86627e648732af5d90693f6b8420b9c8b1ff9143cc144fd4b8db2bb9c4"},
    {file = "scylla_driver-3.26.2-cp39-cp39-manylinux_2_17_aarch64.manylinux2014_aarch64.whl", hash = "sha256:c534931fe5ac711e562c2ed98c0e007842c0cebbd3f80caa3593885938a0524f"},
    {file = "scylla_driver-3.26.2-cp39-cp39-manylinux_2_17_i686.manylinux2014_i686.whl", hash = "sha256:10bea4e0e3f9b3e6bb6a75d50ac2fd46505e737f38638bb2391765b78318331e"},
    {file = "scylla_driver-3.26.2-cp39-cp39-manylinux_2_17_ppc64le.manylinux2014_ppc64le.whl", hash = "sha256:901bcb9d01fb3c9ca3aa673a4f8371d34a6aa73d16c4ad6c2e22e746d6018cc3"},
    {file = "scylla_driver-3.26.2-cp39-cp39-manylinux_2_17_x86_64.manylinux2014_x86_64.whl", hash = "sha256:65c60abf98dbd1088bcdd52f118ace04665943c0af57d606fd33c89fff5c1464"},
    {file = "scylla_driver-3.26.2-cp39-cp39-win32.whl", hash = "sha256:549a03f4aa73ee1ed7d650bf82b5c0e874bee5f22869497316eabb6c66c431f5"},
    {file = "scylla_driver-3.26.2-cp39-cp39-win_amd64.whl", hash = "sha256:bbb2120a122ba783a4a3cd726d01778e3bb7c9fb4bc9dd5aff3bfd2f2ea40baf"},
    {file = "scylla_driver-3.26.2-pp37-pypy37_pp73-macosx_10_9_x86_64.whl", hash = "sha256:bb84bfc0357958dc10b8717491b06298b4f109eaee9473395d4ca557180585df"},
    {file = "scylla_driver-3.26.2-pp37-pypy37_pp73-manylinux_2_5_i686.manylinux1_i686.manylinux_2_17_i686.manylinux2014_i686.whl", hash = "sha256:d0d79066917c49763655c6d33e45c3d99b70d6a5f33e51604fcd50ba7aca4fb9"},
    {file = "scylla_driver-3.26.2-pp37-pypy37_pp73-manylinux_2_5_x86_64.manylinux1_x86_64.manylinux_2_17_x86_64.manylinux2014_x86_64.whl", hash = "sha256:ef67d7075a43708542bf273d46e3a1db79036ba5c9f8f65f97754e842bd4e783"},
    {file = "scylla_driver-3.26.2-pp37-pypy37_pp73-win_amd64.whl", hash = "sha256:afd6f4fa8aa7fda3cd88c55d309d54fa36c33cab785767c1d40d399fc11e494e"},
    {file = "scylla_driver-3.26.2-pp38-pypy38_pp73-macosx_10_9_x86_64.whl", hash = "sha256:ec43bcdbd7753601995c998d2ce9ffd50930f14f5d6fdadf9f31df11090ced11"},
    {file = "scylla_driver-3.26.2-pp38-pypy38_pp73-manylinux_2_5_i686.manylinux1_i686.manylinux_2_17_i686.manylinux2014_i686.whl", hash = "sha256:1d07cd30643e37fb3a307ed470cc1a202f3dcdf6fa5709589039ed2c4998f4aa"},
    {file = "scylla_driver-3.26.2-pp38-pypy38_pp73-manylinux_2_5_x86_64.manylinux1_x86_64.manylinux_2_17_x86_64.manylinux2014_x86_64.whl", hash = "sha256:2bc00d3bc8deb3bb5c64a185e1233ed5ec85cfa25c224217b6a8fdbbf5e7e651"},
    {file = "scylla_driver-3.26.2-pp38-pypy38_pp73-win_amd64.whl", hash = "sha256:0cb9dc738b12647233f92cbe981afbf8bf15066f866bbfa1cd8f1c53d5b5547c"},
    {file = "scylla_driver-3.26.2-pp39-pypy39_pp73-macosx_10_9_x86_64.whl", hash = "sha256:efe9c35b6ec1b09ec0a42d7974c2c9f17f058765bb9202ed192c3a42a4d14180"},
    {file = "scylla_driver-3.26.2-pp39-pypy39_pp73-manylinux_2_5_i686.manylinux1_i686.manylinux_2_17_i686.manylinux2014_i686.whl", hash = "sha256:af08797e24346555414d68026468a39a81a36573fcbdfdf58386b85c55e3ceef"},
    {file = "scylla_driver-3.26.2-pp39-pypy39_pp73-manylinux_2_5_x86_64.manylinux1_x86_64.manylinux_2_17_x86_64.manylinux2014_x86_64.whl", hash = "sha256:cdf778ef80e2336144964e55d8f2fa95220d03814cfb1a5cd886b7bfd99d9452"},
    {file = "scylla_driver-3.26.2-pp39-pypy39_pp73-win_amd64.whl", hash = "sha256:98fd53c8ed664e915f880b6fccd0940fcb8c6589e240126e471427388bca62f9"},
]

[package.dependencies]
geomet = ">=0.1,<0.3"
pyyaml = ">5.0"
six = ">=1.9"

[package.extras]
graph = ["gremlinpython (==3.4.6)"]

[[package]]
name = "six"
version = "1.16.0"
description = "Python 2 and 3 compatibility utilities"
optional = false
python-versions = ">=2.7, !=3.0.*, !=3.1.*, !=3.2.*"
files = [
    {file = "six-1.16.0-py2.py3-none-any.whl", hash = "sha256:8abb2f1d86890a2dfb989f9a77cfcfd3e47c2a354b01111771326f8aa26e0254"},
    {file = "six-1.16.0.tar.gz", hash = "sha256:1e61c37477a1626458e36f7b1d82aa5c9b094fa4802892072e49de9c60c4c926"},
]

[[package]]
name = "sqlparse"
version = "0.4.4"
description = "A non-validating SQL parser."
optional = false
python-versions = ">=3.5"
files = [
    {file = "sqlparse-0.4.4-py3-none-any.whl", hash = "sha256:5430a4fe2ac7d0f93e66f1efc6e1338a41884b7ddf2a350cedd20ccc4d9d28f3"},
    {file = "sqlparse-0.4.4.tar.gz", hash = "sha256:d446183e84b8349fa3061f0fe7f06ca94ba65b426946ffebe6e3e8295332420c"},
]

[package.extras]
dev = ["build", "flake8"]
doc = ["sphinx"]
test = ["pytest", "pytest-cov"]

[[package]]
name = "text-unidecode"
version = "1.3"
description = "The most basic Text::Unidecode port"
optional = false
python-versions = "*"
files = [
    {file = "text-unidecode-1.3.tar.gz", hash = "sha256:bad6603bb14d279193107714b288be206cac565dfa49aa5b105294dd5c4aab93"},
    {file = "text_unidecode-1.3-py2.py3-none-any.whl", hash = "sha256:1311f10e8b895935241623731c2ba64f4c455287888b18189350b67134a822e8"},
]

[[package]]
name = "typing-extensions"
version = "4.6.3"
description = "Backported and Experimental Type Hints for Python 3.7+"
optional = false
python-versions = ">=3.7"
files = [
    {file = "typing_extensions-4.6.3-py3-none-any.whl", hash = "sha256:88a4153d8505aabbb4e13aacb7c486c2b4a33ca3b3f807914a9b4c844c471c26"},
    {file = "typing_extensions-4.6.3.tar.gz", hash = "sha256:d91d5919357fe7f681a9f2b5b4cb2a5f1ef0a1e9f59c4d8ff0d3491e05c0ffd5"},
]

[metadata]
lock-version = "2.0"
python-versions = "^3.10"
content-hash = "c6328758b1bf3bc3062ff2ffe0a98da8abe59c0d1323e528ba3f63caa00e8333"
